
Microsoft Visual Studio Solution File, Format Version 12.00
# Visual Studio Version 17
VisualStudioVersion = 17.10.34928.147
MinimumVisualStudioVersion = 10.0.40219.1
Project("{FAE04EC0-301F-11D3-BF4B-00C04F79EFBC}") = "Waveify.Mobile.Xamarin.Android", "Waveify.Mobile.Xamarin\Waveify.Mobile.Xamarin.Android\Waveify.Mobile.Xamarin.Android.csproj", "{5948ABA4-7813-4F4A-A45E-977FA23DC61F}"
EndProject
Project("{FAE04EC0-301F-11D3-BF4B-00C04F79EFBC}") = "Waveify.Mobile.Xamarin.iOS", "Waveify.Mobile.Xamarin\Waveify.Mobile.Xamarin.iOS\Waveify.Mobile.Xamarin.iOS.csproj", "{7CCF2FBC-F2C0-4053-9643-AE644361EB8D}"
EndProject
Project("{FAE04EC0-301F-11D3-BF4B-00C04F79EFBC}") = "Waveify.Mobile.Xamarin", "Waveify.Mobile.Xamarin\Waveify.Mobile.Xamarin\Waveify.Mobile.Xamarin.csproj", "{9AB6C285-16B8-433C-BF54-06E4EA030EFC}"
EndProject
Global
	GlobalSection(SolutionConfigurationPlatforms) = preSolution
		Debug|Any CPU = Debug|Any CPU
		Debug|iPhone = Debug|iPhone
		Debug|iPhoneSimulator = Debug|iPhoneSimulator
		Release|Any CPU = Release|Any CPU
		Release|iPhone = Release|iPhone
		Release|iPhoneSimulator = Release|iPhoneSimulator
	EndGlobalSection
	GlobalSection(ProjectConfigurationPlatforms) = postSolution
		{5948ABA4-7813-4F4A-A45E-977FA23DC61F}.Debug|Any CPU.ActiveCfg = Debug|Any CPU
		{5948ABA4-7813-4F4A-A45E-977FA23DC61F}.Debug|Any CPU.Build.0 = Debug|Any CPU
		{5948ABA4-7813-4F4A-A45E-977FA23DC61F}.Debug|Any CPU.Deploy.0 = Debug|Any CPU
		{5948ABA4-7813-4F4A-A45E-977FA23DC61F}.Debug|iPhone.ActiveCfg = Debug|Any CPU
		{5948ABA4-7813-4F4A-A45E-977FA23DC61F}.Debug|iPhone.Build.0 = Debug|Any CPU
		{5948ABA4-7813-4F4A-A45E-977FA23DC61F}.Debug|iPhone.Deploy.0 = Debug|Any CPU
		{5948ABA4-7813-4F4A-A45E-977FA23DC61F}.Debug|iPhoneSimulator.ActiveCfg = Debug|Any CPU
		{5948ABA4-7813-4F4A-A45E-977FA23DC61F}.Debug|iPhoneSimulator.Build.0 = Debug|Any CPU
		{5948ABA4-7813-4F4A-A45E-977FA23DC61F}.Debug|iPhoneSimulator.Deploy.0 = Debug|Any CPU
		{5948ABA4-7813-4F4A-A45E-977FA23DC61F}.Release|Any CPU.ActiveCfg = Release|Any CPU
		{5948ABA4-7813-4F4A-A45E-977FA23DC61F}.Release|Any CPU.Build.0 = Release|Any CPU
		{5948ABA4-7813-4F4A-A45E-977FA23DC61F}.Release|Any CPU.Deploy.0 = Release|Any CPU
		{5948ABA4-7813-4F4A-A45E-977FA23DC61F}.Release|iPhone.ActiveCfg = Release|Any CPU
		{5948ABA4-7813-4F4A-A45E-977FA23DC61F}.Release|iPhone.Build.0 = Release|Any CPU
		{5948ABA4-7813-4F4A-A45E-977FA23DC61F}.Release|iPhone.Deploy.0 = Release|Any CPU
		{5948ABA4-7813-4F4A-A45E-977FA23DC61F}.Release|iPhoneSimulator.ActiveCfg = Release|Any CPU
		{5948ABA4-7813-4F4A-A45E-977FA23DC61F}.Release|iPhoneSimulator.Build.0 = Release|Any CPU
		{5948ABA4-7813-4F4A-A45E-977FA23DC61F}.Release|iPhoneSimulator.Deploy.0 = Release|Any CPU
		{7CCF2FBC-F2C0-4053-9643-AE644361EB8D}.Debug|Any CPU.ActiveCfg = Debug|iPhone
		{7CCF2FBC-F2C0-4053-9643-AE644361EB8D}.Debug|Any CPU.Build.0 = Debug|iPhone
		{7CCF2FBC-F2C0-4053-9643-AE644361EB8D}.Debug|Any CPU.Deploy.0 = Debug|iPhone
		{7CCF2FBC-F2C0-4053-9643-AE644361EB8D}.Debug|iPhone.ActiveCfg = Debug|iPhone
		{7CCF2FBC-F2C0-4053-9643-AE644361EB8D}.Debug|iPhone.Build.0 = Debug|iPhone
		{7CCF2FBC-F2C0-4053-9643-AE644361EB8D}.Debug|iPhone.Deploy.0 = Debug|iPhone
		{7CCF2FBC-F2C0-4053-9643-AE644361EB8D}.Debug|iPhoneSimulator.ActiveCfg = Debug|iPhoneSimulator
		{7CCF2FBC-F2C0-4053-9643-AE644361EB8D}.Debug|iPhoneSimulator.Build.0 = Debug|iPhoneSimulator
		{7CCF2FBC-F2C0-4053-9643-AE644361EB8D}.Debug|iPhoneSimulator.Deploy.0 = Debug|iPhoneSimulator
		{7CCF2FBC-F2C0-4053-9643-AE644361EB8D}.Release|Any CPU.ActiveCfg = Release|iPhoneSimulator
		{7CCF2FBC-F2C0-4053-9643-AE644361EB8D}.Release|Any CPU.Build.0 = Release|iPhoneSimulator
		{7CCF2FBC-F2C0-4053-9643-AE644361EB8D}.Release|Any CPU.Deploy.0 = Release|iPhoneSimulator
		{7CCF2FBC-F2C0-4053-9643-AE644361EB8D}.Release|iPhone.ActiveCfg = Release|iPhone
		{7CCF2FBC-F2C0-4053-9643-AE644361EB8D}.Release|iPhone.Build.0 = Release|iPhone
		{7CCF2FBC-F2C0-4053-9643-AE644361EB8D}.Release|iPhone.Deploy.0 = Release|iPhone
		{7CCF2FBC-F2C0-4053-9643-AE644361EB8D}.Release|iPhoneSimulator.ActiveCfg = Release|iPhoneSimulator
		{7CCF2FBC-F2C0-4053-9643-AE644361EB8D}.Release|iPhoneSimulator.Build.0 = Release|iPhoneSimulator
		{7CCF2FBC-F2C0-4053-9643-AE644361EB8D}.Release|iPhoneSimulator.Deploy.0 = Release|iPhoneSimulator
		{9AB6C285-16B8-433C-BF54-06E4EA030EFC}.Debug|Any CPU.ActiveCfg = Debug|Any CPU
		{9AB6C285-16B8-433C-BF54-06E4EA030EFC}.Debug|Any CPU.Build.0 = Debug|Any CPU
		{9AB6C285-16B8-433C-BF54-06E4EA030EFC}.Debug|Any CPU.Deploy.0 = Debug|Any CPU
		{9AB6C285-16B8-433C-BF54-06E4EA030EFC}.Debug|iPhone.ActiveCfg = Debug|Any CPU
		{9AB6C285-16B8-433C-BF54-06E4EA030EFC}.Debug|iPhone.Build.0 = Debug|Any CPU
		{9AB6C285-16B8-433C-BF54-06E4EA030EFC}.Debug|iPhone.Deploy.0 = Debug|Any CPU
		{9AB6C285-16B8-433C-BF54-06E4EA030EFC}.Debug|iPhoneSimulator.ActiveCfg = Debug|Any CPU
		{9AB6C285-16B8-433C-BF54-06E4EA030EFC}.Debug|iPhoneSimulator.Build.0 = Debug|Any CPU
		{9AB6C285-16B8-433C-BF54-06E4EA030EFC}.Debug|iPhoneSimulator.Deploy.0 = Debug|Any CPU
		{9AB6C285-16B8-433C-BF54-06E4EA030EFC}.Release|Any CPU.ActiveCfg = Release|Any CPU
		{9AB6C285-16B8-433C-BF54-06E4EA030EFC}.Release|Any CPU.Build.0 = Release|Any CPU
		{9AB6C285-16B8-433C-BF54-06E4EA030EFC}.Release|Any CPU.Deploy.0 = Release|Any CPU
		{9AB6C285-16B8-433C-BF54-06E4EA030EFC}.Release|iPhone.ActiveCfg = Release|Any CPU
		{9AB6C285-16B8-433C-BF54-06E4EA030EFC}.Release|iPhone.Build.0 = Release|Any CPU
		{9AB6C285-16B8-433C-BF54-06E4EA030EFC}.Release|iPhone.Deploy.0 = Release|Any CPU
		{9AB6C285-16B8-433C-BF54-06E4EA030EFC}.Release|iPhoneSimulator.ActiveCfg = Release|Any CPU
		{9AB6C285-16B8-433C-BF54-06E4EA030EFC}.Release|iPhoneSimulator.Build.0 = Release|Any CPU
		{9AB6C285-16B8-433C-BF54-06E4EA030EFC}.Release|iPhoneSimulator.Deploy.0 = Release|Any CPU
	EndGlobalSection
	GlobalSection(SolutionProperties) = preSolution
		HideSolutionNode = FALSE
	EndGlobalSection
	GlobalSection(ExtensibilityGlobals) = postSolution
		SolutionGuid = {D8083456-7484-4206-83D3-C76BD72015A3}
	EndGlobalSection
EndGlobal
